
Microsoft Visual Studio Solution File, Format Version 12.00
Project("{FAE04EC0-301F-11D3-BF4B-00C04F79EFBC}") = "FilterTask", "FilterTask\FilterTask.csproj", "{5DE660CF-FAFF-43EE-8EDD-92FC5E945314}"
EndProject
Project("{FAE04EC0-301F-11D3-BF4B-00C04F79EFBC}") = "FilterTask.Tests", "FilterTask.Tests\FilterTask.Tests.csproj", "{EBCD5241-7130-4218-9A83-20D7BC74440B}"
EndProject
Global
	GlobalSection(SolutionConfigurationPlatforms) = preSolution
		Debug|Any CPU = Debug|Any CPU
		Release|Any CPU = Release|Any CPU
	EndGlobalSection
	GlobalSection(ProjectConfigurationPlatforms) = postSolution
		{5DE660CF-FAFF-43EE-8EDD-92FC5E945314}.Debug|Any CPU.ActiveCfg = Debug|Any CPU
		{5DE660CF-FAFF-43EE-8EDD-92FC5E945314}.Debug|Any CPU.Build.0 = Debug|Any CPU
		{5DE660CF-FAFF-43EE-8EDD-92FC5E945314}.Release|Any CPU.ActiveCfg = Release|Any CPU
		{5DE660CF-FAFF-43EE-8EDD-92FC5E945314}.Release|Any CPU.Build.0 = Release|Any CPU
		{EBCD5241-7130-4218-9A83-20D7BC74440B}.Debug|Any CPU.ActiveCfg = Debug|Any CPU
		{EBCD5241-7130-4218-9A83-20D7BC74440B}.Debug|Any CPU.Build.0 = Debug|Any CPU
		{EBCD5241-7130-4218-9A83-20D7BC74440B}.Release|Any CPU.ActiveCfg = Release|Any CPU
		{EBCD5241-7130-4218-9A83-20D7BC74440B}.Release|Any CPU.Build.0 = Release|Any CPU
	EndGlobalSection
EndGlobal
